// !$*UTF8*$!
{
	archiveVersion = 1;
	classes = {
	};
	objectVersion = 56;
	objects = {

/* Begin PBXBuildFile section */
		3C4F16672D2AFF01002EDEAE /* AppDelegate.swift in Sources */ = {isa = PBXBuildFile; fileRef = 3C4F16662D2AFF01002EDEAE /* AppDelegate.swift */; };
		3C4F16692D2AFF01002EDEAE /* SceneDelegate.swift in Sources */ = {isa = PBXBuildFile; fileRef = 3C4F16682D2AFF01002EDEAE /* SceneDelegate.swift */; };
		3C4F166B2D2AFF01002EDEAE /* ViewController.swift in Sources */ = {isa = PBXBuildFile; fileRef = 3C4F166A2D2AFF01002EDEAE /* ViewController.swift */; };
		3C4F166E2D2AFF01002EDEAE /* Base in Resources */ = {isa = PBXBuildFile; fileRef = 3C4F166D2D2AFF01002EDEAE /* Base */; };
		3C4F16702D2AFF07002EDEAE /* Assets.xcassets in Resources */ = {isa = PBXBuildFile; fileRef = 3C4F166F2D2AFF07002EDEAE /* Assets.xcassets */; };
		3C4F16732D2AFF07002EDEAE /* Base in Resources */ = {isa = PBXBuildFile; fileRef = 3C4F16722D2AFF07002EDEAE /* Base */; };
		3C4F167B2D2B03AB002EDEAE /* FormViewController.swift in Sources */ = {isa = PBXBuildFile; fileRef = 3C4F167A2D2B03AB002EDEAE /* FormViewController.swift */; };
		3C4F167D2D2B03C5002EDEAE /* SplashScreenViewController.swift in Sources */ = {isa = PBXBuildFile; fileRef = 3C4F167C2D2B03C5002EDEAE /* SplashScreenViewController.swift */; };
		3C4F167F2D2B0851002EDEAE /* CameraViewController.swift in Sources */ = {isa = PBXBuildFile; fileRef = 3C4F167E2D2B0851002EDEAE /* CameraViewController.swift */; };
		3C4F16812D2B0864002EDEAE /* UpcyclingAdviceViewController.swift in Sources */ = {isa = PBXBuildFile; fileRef = 3C4F16802D2B0864002EDEAE /* UpcyclingAdviceViewController.swift */; };
		8BB44ED22D2B049E00F662C9 /* wasteClassfication 1.mlmodel in Sources */ = {isa = PBXBuildFile; fileRef = 8BB44ED12D2B049E00F662C9 /* wasteClassfication 1.mlmodel */; };
/* End PBXBuildFile section */

/* Begin PBXFileReference section */
		3C4F16632D2AFF01002EDEAE /* RenewIt.app */ = {isa = PBXFileReference; explicitFileType = wrapper.application; includeInIndex = 0; path = RenewIt.app; sourceTree = BUILT_PRODUCTS_DIR; };
		3C4F16662D2AFF01002EDEAE /* AppDelegate.swift */ = {isa = PBXFileReference; lastKnownFileType = sourcecode.swift; path = AppDelegate.swift; sourceTree = "<group>"; };
		3C4F16682D2AFF01002EDEAE /* SceneDelegate.swift */ = {isa = PBXFileReference; lastKnownFileType = sourcecode.swift; path = SceneDelegate.swift; sourceTree = "<group>"; };
		3C4F166A2D2AFF01002EDEAE /* ViewController.swift */ = {isa = PBXFileReference; lastKnownFileType = sourcecode.swift; path = ViewController.swift; sourceTree = "<group>"; };
		3C4F166D2D2AFF01002EDEAE /* Base */ = {isa = PBXFileReference; lastKnownFileType = file.storyboard; name = Base; path = Base.lproj/Main.storyboard; sourceTree = "<group>"; };
		3C4F166F2D2AFF07002EDEAE /* Assets.xcassets */ = {isa = PBXFileReference; lastKnownFileType = folder.assetcatalog; path = Assets.xcassets; sourceTree = "<group>"; };
		3C4F16722D2AFF07002EDEAE /* Base */ = {isa = PBXFileReference; lastKnownFileType = file.storyboard; name = Base; path = Base.lproj/LaunchScreen.storyboard; sourceTree = "<group>"; };
		3C4F16742D2AFF07002EDEAE /* Info.plist */ = {isa = PBXFileReference; lastKnownFileType = text.plist.xml; path = Info.plist; sourceTree = "<group>"; };
		3C4F167A2D2B03AB002EDEAE /* FormViewController.swift */ = {isa = PBXFileReference; lastKnownFileType = sourcecode.swift; path = FormViewController.swift; sourceTree = "<group>"; };
		3C4F167C2D2B03C5002EDEAE /* SplashScreenViewController.swift */ = {isa = PBXFileReference; lastKnownFileType = sourcecode.swift; path = SplashScreenViewController.swift; sourceTree = "<group>"; };
		3C4F167E2D2B0851002EDEAE /* CameraViewController.swift */ = {isa = PBXFileReference; lastKnownFileType = sourcecode.swift; path = CameraViewController.swift; sourceTree = "<group>"; };
		3C4F16802D2B0864002EDEAE /* UpcyclingAdviceViewController.swift */ = {isa = PBXFileReference; lastKnownFileType = sourcecode.swift; path = UpcyclingAdviceViewController.swift; sourceTree = "<group>"; };
		8BB44ED12D2B049E00F662C9 /* wasteClassfication 1.mlmodel */ = {isa = PBXFileReference; lastKnownFileType = file.mlmodel; path = "wasteClassfication 1.mlmodel"; sourceTree = "<group>"; };
/* End PBXFileReference section */

/* Begin PBXFrameworksBuildPhase section */
		3C4F16602D2AFF01002EDEAE /* Frameworks */ = {
			isa = PBXFrameworksBuildPhase;
			buildActionMask = 2147483647;
			files = (
			);
			runOnlyForDeploymentPostprocessing = 0;
		};
/* End PBXFrameworksBuildPhase section */

/* Begin PBXGroup section */
		3C4F165A2D2AFF01002EDEAE = {
			isa = PBXGroup;
			children = (
				3C4F16652D2AFF01002EDEAE /* RenewIt */,
				3C4F16642D2AFF01002EDEAE /* Products */,
			);
			sourceTree = "<group>";
		};
		3C4F16642D2AFF01002EDEAE /* Products */ = {
			isa = PBXGroup;
			children = (
				3C4F16632D2AFF01002EDEAE /* RenewIt.app */,
			);
			name = Products;
			sourceTree = "<group>";
		};
		3C4F16652D2AFF01002EDEAE /* RenewIt */ = {
			isa = PBXGroup;
			children = (
				3C4F16662D2AFF01002EDEAE /* AppDelegate.swift */,
				3C4F167A2D2B03AB002EDEAE /* FormViewController.swift */,
				3C4F16682D2AFF01002EDEAE /* SceneDelegate.swift */,
				3C4F167E2D2B0851002EDEAE /* CameraViewController.swift */,
				3C4F16802D2B0864002EDEAE /* UpcyclingAdviceViewController.swift */,
				3C4F166A2D2AFF01002EDEAE /* ViewController.swift */,
				3C4F167C2D2B03C5002EDEAE /* SplashScreenViewController.swift */,
				3C4F166C2D2AFF01002EDEAE /* Main.storyboard */,
				8BB44ED12D2B049E00F662C9 /* wasteClassfication 1.mlmodel */,
				3C4F166F2D2AFF07002EDEAE /* Assets.xcassets */,
				3C4F16712D2AFF07002EDEAE /* LaunchScreen.storyboard */,
				3C4F16742D2AFF07002EDEAE /* Info.plist */,
			);
			path = RenewIt;
			sourceTree = "<group>";
		};
/* End PBXGroup section */

/* Begin PBXNativeTarget section */
		3C4F16622D2AFF01002EDEAE /* RenewIt */ = {
			isa = PBXNativeTarget;
			buildConfigurationList = 3C4F16772D2AFF07002EDEAE /* Build configuration list for PBXNativeTarget "RenewIt" */;
			buildPhases = (
				3C4F165F2D2AFF01002EDEAE /* Sources */,
				3C4F16602D2AFF01002EDEAE /* Frameworks */,
				3C4F16612D2AFF01002EDEAE /* Resources */,
			);
			buildRules = (
			);
			dependencies = (
			);
			name = RenewIt;
			productName = RenewIt;
			productReference = 3C4F16632D2AFF01002EDEAE /* RenewIt.app */;
			productType = "com.apple.product-type.application";
		};
/* End PBXNativeTarget section */

/* Begin PBXProject section */
		3C4F165B2D2AFF01002EDEAE /* Project object */ = {
			isa = PBXProject;
			attributes = {
				BuildIndependentTargetsInParallel = 1;
				LastSwiftUpdateCheck = 1540;
				LastUpgradeCheck = 1540;
				TargetAttributes = {
					3C4F16622D2AFF01002EDEAE = {
						CreatedOnToolsVersion = 15.4;
					};
				};
			};
			buildConfigurationList = 3C4F165E2D2AFF01002EDEAE /* Build configuration list for PBXProject "RenewIt" */;
			compatibilityVersion = "Xcode 14.0";
			developmentRegion = en;
			hasScannedForEncodings = 0;
			knownRegions = (
				en,
				Base,
			);
			mainGroup = 3C4F165A2D2AFF01002EDEAE;
			productRefGroup = 3C4F16642D2AFF01002EDEAE /* Products */;
			projectDirPath = "";
			projectRoot = "";
			targets = (
				3C4F16622D2AFF01002EDEAE /* RenewIt */,
			);
		};
/* End PBXProject section */

/* Begin PBXResourcesBuildPhase section */
		3C4F16612D2AFF01002EDEAE /* Resources */ = {
			isa = PBXResourcesBuildPhase;
			buildActionMask = 2147483647;
			files = (
				3C4F16702D2AFF07002EDEAE /* Assets.xcassets in Resources */,
				3C4F16732D2AFF07002EDEAE /* Base in Resources */,
				3C4F166E2D2AFF01002EDEAE /* Base in Resources */,
			);
			runOnlyForDeploymentPostprocessing = 0;
		};
/* End PBXResourcesBuildPhase section */

/* Begin PBXSourcesBuildPhase section */
		3C4F165F2D2AFF01002EDEAE /* Sources */ = {
			isa = PBXSourcesBuildPhase;
			buildActionMask = 2147483647;
			files = (
				3C4F166B2D2AFF01002EDEAE /* ViewController.swift in Sources */,
				3C4F16672D2AFF01002EDEAE /* AppDelegate.swift in Sources */,
				3C4F167B2D2B03AB002EDEAE /* FormViewController.swift in Sources */,
				3C4F167D2D2B03C5002EDEAE /* SplashScreenViewController.swift in Sources */,
				3C4F167F2D2B0851002EDEAE /* CameraViewController.swift in Sources */,
				8BB44ED22D2B049E00F662C9 /* wasteClassfication 1.mlmodel in Sources */,
				3C4F16692D2AFF01002EDEAE /* SceneDelegate.swift in Sources */,
				3C4F16812D2B0864002EDEAE /* UpcyclingAdviceViewController.swift in Sources */,
			);
			runOnlyForDeploymentPostprocessing = 0;
		};
/* End PBXSourcesBuildPhase section */

/* Begin PBXVariantGroup section */
		3C4F166C2D2AFF01002EDEAE /* Main.storyboard */ = {
			isa = PBXVariantGroup;
			children = (
				3C4F166D2D2AFF01002EDEAE /* Base */,
			);
			name = Main.storyboard;
			sourceTree = "<group>";
		};
		3C4F16712D2AFF07002EDEAE /* LaunchScreen.storyboard */ = {
			isa = PBXVariantGroup;
			children = (
				3C4F16722D2AFF07002EDEAE /* Base */,
			);
			name = LaunchScreen.storyboard;
			sourceTree = "<group>";
		};
/* End PBXVariantGroup section */

/* Begin XCBuildConfiguration section */
		3C4F16752D2AFF07002EDEAE /* Debug */ = {
			isa = XCBuildConfiguration;
			buildSettings = {
				ALWAYS_SEARCH_USER_PATHS = NO;
				ASSETCATALOG_COMPILER_GENERATE_SWIFT_ASSET_SYMBOL_EXTENSIONS = YES;
				CLANG_ANALYZER_NONNULL = YES;
				CLANG_ANALYZER_NUMBER_OBJECT_CONVERSION = YES_AGGRESSIVE;
				CLANG_CXX_LANGUAGE_STANDARD = "gnu++20";
				CLANG_ENABLE_MODULES = YES;
				CLANG_ENABLE_OBJC_ARC = YES;
				CLANG_ENABLE_OBJC_WEAK = YES;
				CLANG_WARN_BLOCK_CAPTURE_AUTORELEASING = YES;
				CLANG_WARN_BOOL_CONVERSION = YES;
				CLANG_WARN_COMMA = YES;
				CLANG_WARN_CONSTANT_CONVERSION = YES;
				CLANG_WARN_DEPRECATED_OBJC_IMPLEMENTATIONS = YES;
				CLANG_WARN_DIRECT_OBJC_ISA_USAGE = YES_ERROR;
				CLANG_WARN_DOCUMENTATION_COMMENTS = YES;
				CLANG_WARN_EMPTY_BODY = YES;
				CLANG_WARN_ENUM_CONVERSION = YES;
				CLANG_WARN_INFINITE_RECURSION = YES;
				CLANG_WARN_INT_CONVERSION = YES;
				CLANG_WARN_NON_LITERAL_NULL_CONVERSION = YES;
				CLANG_WARN_OBJC_IMPLICIT_RETAIN_SELF = YES;
				CLANG_WARN_OBJC_LITERAL_CONVERSION = YES;
				CLANG_WARN_OBJC_ROOT_CLASS = YES_ERROR;
				CLANG_WARN_QUOTED_INCLUDE_IN_FRAMEWORK_HEADER = YES;
				CLANG_WARN_RANGE_LOOP_ANALYSIS = YES;
				CLANG_WARN_STRICT_PROTOTYPES = YES;
				CLANG_WARN_SUSPICIOUS_MOVE = YES;
				CLANG_WARN_UNGUARDED_AVAILABILITY = YES_AGGRESSIVE;
				CLANG_WARN_UNREACHABLE_CODE = YES;
				CLANG_WARN__DUPLICATE_METHOD_MATCH = YES;
				COPY_PHASE_STRIP = NO;
				DEBUG_INFORMATION_FORMAT = dwarf;
				ENABLE_STRICT_OBJC_MSGSEND = YES;
				ENABLE_TESTABILITY = YES;
				ENABLE_USER_SCRIPT_SANDBOXING = YES;
				GCC_C_LANGUAGE_STANDARD = gnu17;
				GCC_DYNAMIC_NO_PIC = NO;
				GCC_NO_COMMON_BLOCKS = YES;
				GCC_OPTIMIZATION_LEVEL = 0;
				GCC_PREPROCESSOR_DEFINITIONS = (
					"DEBUG=1",
					"$(inherited)",
				);
				GCC_WARN_64_TO_32_BIT_CONVERSION = YES;
				GCC_WARN_ABOUT_RETURN_TYPE = YES_ERROR;
				GCC_WARN_UNDECLARED_SELECTOR = YES;
				GCC_WARN_UNINITIALIZED_AUTOS = YES_AGGRESSIVE;
				GCC_WARN_UNUSED_FUNCTION = YES;
				GCC_WARN_UNUSED_VARIABLE = YES;
				IPHONEOS_DEPLOYMENT_TARGET = 17.5;
				LOCALIZATION_PREFERS_STRING_CATALOGS = YES;
				MTL_ENABLE_DEBUG_INFO = INCLUDE_SOURCE;
				MTL_FAST_MATH = YES;
				ONLY_ACTIVE_ARCH = YES;
				SDKROOT = iphoneos;
				SWIFT_ACTIVE_COMPILATION_CONDITIONS = "DEBUG $(inherited)";
				SWIFT_OPTIMIZATION_LEVEL = "-Onone";
			};
			name = Debug;
		};
		3C4F16762D2AFF07002EDEAE /* Release */ = {
			isa = XCBuildConfiguration;
			buildSettings = {
				ALWAYS_SEARCH_USER_PATHS = NO;
				ASSETCATALOG_COMPILER_GENERATE_SWIFT_ASSET_SYMBOL_EXTENSIONS = YES;
				CLANG_ANALYZER_NONNULL = YES;
				CLANG_ANALYZER_NUMBER_OBJECT_CONVERSION = YES_AGGRESSIVE;
				CLANG_CXX_LANGUAGE_STANDARD = "gnu++20";
				CLANG_ENABLE_MODULES = YES;
				CLANG_ENABLE_OBJC_ARC = YES;
				CLANG_ENABLE_OBJC_WEAK = YES;
				CLANG_WARN_BLOCK_CAPTURE_AUTORELEASING = YES;
				CLANG_WARN_BOOL_CONVERSION = YES;
				CLANG_WARN_COMMA = YES;
				CLANG_WARN_CONSTANT_CONVERSION = YES;
				CLANG_WARN_DEPRECATED_OBJC_IMPLEMENTATIONS = YES;
				CLANG_WARN_DIRECT_OBJC_ISA_USAGE = YES_ERROR;
				CLANG_WARN_DOCUMENTATION_COMMENTS = YES;
				CLANG_WARN_EMPTY_BODY = YES;
				CLANG_WARN_ENUM_CONVERSION = YES;
				CLANG_WARN_INFINITE_RECURSION = YES;
				CLANG_WARN_INT_CONVERSION = YES;
				CLANG_WARN_NON_LITERAL_NULL_CONVERSION = YES;
				CLANG_WARN_OBJC_IMPLICIT_RETAIN_SELF = YES;
				CLANG_WARN_OBJC_LITERAL_CONVERSION = YES;
				CLANG_WARN_OBJC_ROOT_CLASS = YES_ERROR;
				CLANG_WARN_QUOTED_INCLUDE_IN_FRAMEWORK_HEADER = YES;
				CLANG_WARN_RANGE_LOOP_ANALYSIS = YES;
				CLANG_WARN_STRICT_PROTOTYPES = YES;
				CLANG_WARN_SUSPICIOUS_MOVE = YES;
				CLANG_WARN_UNGUARDED_AVAILABILITY = YES_AGGRESSIVE;
				CLANG_WARN_UNREACHABLE_CODE = YES;
				CLANG_WARN__DUPLICATE_METHOD_MATCH = YES;
				COPY_PHASE_STRIP = NO;
				DEBUG_INFORMATION_FORMAT = "dwarf-with-dsym";
				ENABLE_NS_ASSERTIONS = NO;
				ENABLE_STRICT_OBJC_MSGSEND = YES;
				ENABLE_USER_SCRIPT_SANDBOXING = YES;
				GCC_C_LANGUAGE_STANDARD = gnu17;
				GCC_NO_COMMON_BLOCKS = YES;
				GCC_WARN_64_TO_32_BIT_CONVERSION = YES;
				GCC_WARN_ABOUT_RETURN_TYPE = YES_ERROR;
				GCC_WARN_UNDECLARED_SELECTOR = YES;
				GCC_WARN_UNINITIALIZED_AUTOS = YES_AGGRESSIVE;
				GCC_WARN_UNUSED_FUNCTION = YES;
				GCC_WARN_UNUSED_VARIABLE = YES;
				IPHONEOS_DEPLOYMENT_TARGET = 17.5;
				LOCALIZATION_PREFERS_STRING_CATALOGS = YES;
				MTL_ENABLE_DEBUG_INFO = NO;
				MTL_FAST_MATH = YES;
				SDKROOT = iphoneos;
				SWIFT_COMPILATION_MODE = wholemodule;
				VALIDATE_PRODUCT = YES;
			};
			name = Release;
		};
		3C4F16782D2AFF07002EDEAE /* Debug */ = {
			isa = XCBuildConfiguration;
			buildSettings = {
				ASSETCATALOG_COMPILER_APPICON_NAME = AppIcon;
				ASSETCATALOG_COMPILER_GLOBAL_ACCENT_COLOR_NAME = AccentColor;
				CODE_SIGN_STYLE = Automatic;
				CURRENT_PROJECT_VERSION = 1;
				DEVELOPMENT_TEAM = 2582NRYCS7;
				GENERATE_INFOPLIST_FILE = YES;
				INFOPLIST_FILE = RenewIt/Info.plist;
				INFOPLIST_KEY_UIApplicationSupportsIndirectInputEvents = YES;
				INFOPLIST_KEY_UILaunchStoryboardName = LaunchScreen;
				INFOPLIST_KEY_UIMainStoryboardFile = Main;
				INFOPLIST_KEY_UISupportedInterfaceOrientations_iPad = "UIInterfaceOrientationPortrait UIInterfaceOrientationPortraitUpsideDown UIInterfaceOrientationLandscapeLeft UIInterfaceOrientationLandscapeRight";
				INFOPLIST_KEY_UISupportedInterfaceOrientations_iPhone = "UIInterfaceOrientationPortrait UIInterfaceOrientationLandscapeLeft UIInterfaceOrientationLandscapeRight";
				LD_RUNPATH_SEARCH_PATHS = (
					"$(inherited)",
					"@executable_path/Frameworks",
				);
				MARKETING_VERSION = 1.0;
				PRODUCT_BUNDLE_IDENTIFIER = com.swara.RenewIt;
				PRODUCT_NAME = "$(TARGET_NAME)";
				SWIFT_EMIT_LOC_STRINGS = YES;
				SWIFT_VERSION = 5.0;
				TARGETED_DEVICE_FAMILY = "1,2";
			};
			name = Debug;
		};
		3C4F16792D2AFF07002EDEAE /* Release */ = {
			isa = XCBuildConfiguration;
			buildSettings = {
				ASSETCATALOG_COMPILER_APPICON_NAME = AppIcon;
				ASSETCATALOG_COMPILER_GLOBAL_ACCENT_COLOR_NAME = AccentColor;
				CODE_SIGN_STYLE = Automatic;
				CURRENT_PROJECT_VERSION = 1;
				DEVELOPMENT_TEAM = 2582NRYCS7;
				GENERATE_INFOPLIST_FILE = YES;
				INFOPLIST_FILE = RenewIt/Info.plist;
				INFOPLIST_KEY_UIApplicationSupportsIndirectInputEvents = YES;
				INFOPLIST_KEY_UILaunchStoryboardName = LaunchScreen;
				INFOPLIST_KEY_UIMainStoryboardFile = Main;
				INFOPLIST_KEY_UISupportedInterfaceOrientations_iPad = "UIInterfaceOrientationPortrait UIInterfaceOrientationPortraitUpsideDown UIInterfaceOrientationLandscapeLeft UIInterfaceOrientationLandscapeRight";
				INFOPLIST_KEY_UISupportedInterfaceOrientations_iPhone = "UIInterfaceOrientationPortrait UIInterfaceOrientationLandscapeLeft UIInterfaceOrientationLandscapeRight";
				LD_RUNPATH_SEARCH_PATHS = (
					"$(inherited)",
					"@executable_path/Frameworks",
				);
				MARKETING_VERSION = 1.0;
				PRODUCT_BUNDLE_IDENTIFIER = com.swara.RenewIt;
				PRODUCT_NAME = "$(TARGET_NAME)";
				SWIFT_EMIT_LOC_STRINGS = YES;
				SWIFT_VERSION = 5.0;
				TARGETED_DEVICE_FAMILY = "1,2";
			};
			name = Release;
		};
/* End XCBuildConfiguration section */

/* Begin XCConfigurationList section */
		3C4F165E2D2AFF01002EDEAE /* Build configuration list for PBXProject "RenewIt" */ = {
			isa = XCConfigurationList;
			buildConfigurations = (
				3C4F16752D2AFF07002EDEAE /* Debug */,
				3C4F16762D2AFF07002EDEAE /* Release */,
			);
			defaultConfigurationIsVisible = 0;
			defaultConfigurationName = Release;
		};
		3C4F16772D2AFF07002EDEAE /* Build configuration list for PBXNativeTarget "RenewIt" */ = {
			isa = XCConfigurationList;
			buildConfigurations = (
				3C4F16782D2AFF07002EDEAE /* Debug */,
				3C4F16792D2AFF07002EDEAE /* Release */,
			);
			defaultConfigurationIsVisible = 0;
			defaultConfigurationName = Release;
		};
/* End XCConfigurationList section */
	};
	rootObject = 3C4F165B2D2AFF01002EDEAE /* Project object */;
}
